PODS:
  - Alamofire (5.4.2)
  - Kingfisher (6.2.1)
  - Moya (14.0.0):
    - Moya/Core (= 14.0.0)
  - Moya/Core (14.0.0):
    - Alamofire (~> 5.0)
  - SnapKit (5.0.1)
  - SwiftyGif (5.4.0)

DEPENDENCIES:
  - Kingfisher
  - Moya (~> 14.0)
  - SnapKit (~> 5.0.0)
  - SwiftyGif

SPEC REPOS:
  trunk:
    - Alamofire
    - Kingfisher
    - Moya
    - SnapKit
    - SwiftyGif

SPEC CHECKSUMS:
  Alamofire: bfbc4c2fe5909b1d94fb4ef2277c6b3727ef5dae
  Kingfisher: e71c6fac2aebb1262888cabc2cb13d313362a48f
  Moya: 5b45dacb75adb009f97fde91c204c1e565d31916
  SnapKit: 97b92857e3df3a0c71833cce143274bf6ef8e5eb
  SwiftyGif: 5d4af95df24caf1c570dbbcb32a3b8a0763bc6d7

PODFILE CHECKSUM: 4a5445f8ed2a5073f102e5e5dd6e7243fab15427

COCOAPODS: 1.10.1
